
Microsoft Visual Studio Solution File, Format Version 12.00
# Visual Studio Version 16
VisualStudioVersion = 16.0.31515.178
MinimumVisualStudioVersion = 10.0.40219.1
Project("{FAE04EC0-301F-11D3-BF4B-00C04F79EFBC}") = "HelloNHibernate", "HelloNHibernate\HelloNHibernate.csproj", "{089471B2-8604-4C5D-AD6F-BB06726544CC}"
EndProject
Global
	GlobalSection(SolutionConfigurationPlatforms) = preSolution
		Debug|Any CPU = Debug|Any CPU
		Release|Any CPU = Release|Any CPU
	EndGlobalSection
	GlobalSection(ProjectConfigurationPlatforms) = postSolution
		{089471B2-8604-4C5D-AD6F-BB06726544CC}.Debug|Any CPU.ActiveCfg = Debug|Any CPU
		{089471B2-8604-4C5D-AD6F-BB06726544CC}.Debug|Any CPU.Build.0 = Debug|Any CPU
		{089471B2-8604-4C5D-AD6F-BB06726544CC}.Release|Any CPU.ActiveCfg = Release|Any CPU
		{089471B2-8604-4C5D-AD6F-BB06726544CC}.Release|Any CPU.Build.0 = Release|Any CPU
	EndGlobalSection
	GlobalSection(SolutionProperties) = preSolution
		HideSolutionNode = FALSE
	EndGlobalSection
	GlobalSection(ExtensibilityGlobals) = postSolution
		SolutionGuid = {4E3A694C-7B13-48A8-8B1D-0D5005FAE2A7}
	EndGlobalSection
EndGlobal
