
Microsoft Visual Studio Solution File, Format Version 12.00
# Visual Studio Version 16
VisualStudioVersion = 16.0.31515.178
MinimumVisualStudioVersion = 10.0.40219.1
Project("{2150E333-8FDC-42A3-9474-1A3956D46DE8}") = "src", "src", "{2AA4577D-90F4-498F-A146-5D17CB08699F}"
EndProject
Project("{FAE04EC0-301F-11D3-BF4B-00C04F79EFBC}") = "ConsoleApp", "ConsoleApp\ConsoleApp.csproj", "{BE39A564-068D-43AA-8AAD-B38E5C5959F0}"
EndProject
Global
	GlobalSection(SolutionConfigurationPlatforms) = preSolution
		Debug|Any CPU = Debug|Any CPU
		Release|Any CPU = Release|Any CPU
	EndGlobalSection
	GlobalSection(ProjectConfigurationPlatforms) = postSolution
		{BE39A564-068D-43AA-8AAD-B38E5C5959F0}.Debug|Any CPU.ActiveCfg = Debug|Any CPU
		{BE39A564-068D-43AA-8AAD-B38E5C5959F0}.Debug|Any CPU.Build.0 = Debug|Any CPU
		{BE39A564-068D-43AA-8AAD-B38E5C5959F0}.Release|Any CPU.ActiveCfg = Release|Any CPU
		{BE39A564-068D-43AA-8AAD-B38E5C5959F0}.Release|Any CPU.Build.0 = Release|Any CPU
	EndGlobalSection
	GlobalSection(SolutionProperties) = preSolution
		HideSolutionNode = FALSE
	EndGlobalSection
	GlobalSection(NestedProjects) = preSolution
		{BE39A564-068D-43AA-8AAD-B38E5C5959F0} = {2AA4577D-90F4-498F-A146-5D17CB08699F}
	EndGlobalSection
	GlobalSection(ExtensibilityGlobals) = postSolution
		SolutionGuid = {EEFD681D-5AF9-462E-8EF9-3FD8D5A1EDCA}
	EndGlobalSection
EndGlobal
